
Microsoft Visual Studio Solution File, Format Version 12.00
# Visual Studio Version 16
VisualStudioVersion = 25.0.1706.11
MinimumVisualStudioVersion = 10.0.40219.1
Project("{FAE04EC0-301F-11D3-BF4B-00C04F79EFBC}") = "tpmodul11_1302220126", "tpmodul11_1302220126\tpmodul11_1302220126.csproj", "{735A5F01-53CC-4D2F-887C-9BA3229D9553}"
EndProject
Global
	GlobalSection(SolutionConfigurationPlatforms) = preSolution
		Debug|Any CPU = Debug|Any CPU
		Release|Any CPU = Release|Any CPU
	EndGlobalSection
	GlobalSection(ProjectConfigurationPlatforms) = postSolution
		{735A5F01-53CC-4D2F-887C-9BA3229D9553}.Debug|Any CPU.ActiveCfg = Debug|Any CPU
		{735A5F01-53CC-4D2F-887C-9BA3229D9553}.Debug|Any CPU.Build.0 = Debug|Any CPU
		{735A5F01-53CC-4D2F-887C-9BA3229D9553}.Release|Any CPU.ActiveCfg = Release|Any CPU
		{735A5F01-53CC-4D2F-887C-9BA3229D9553}.Release|Any CPU.Build.0 = Release|Any CPU
	EndGlobalSection
	GlobalSection(SolutionProperties) = preSolution
		HideSolutionNode = FALSE
	EndGlobalSection
	GlobalSection(ExtensibilityGlobals) = postSolution
		SolutionGuid = {EA48DB84-B4A3-4C07-ADD9-21FD732C1759}
	EndGlobalSection
EndGlobal
